schema: '2.0'
stages:
  prepare:
    cmd: python scripts/data_scripts/prepare.py
    deps:
    - path: data/raw
      hash: md5
      md5: dfaf2d4610cc83fdbeb2c8db6b0b3007.dir
      size: 106557388
      nfiles: 13398
    - path: scripts/data_scripts/prepare.py
      hash: md5
      md5: e766366e0a6188a26dc0271a018a05b2
      size: 1238
    outs:
    - path: data/prepared/test.csv
      hash: md5
      md5: 8b27e88d0c88320fbd49bc8349655cea
      size: 68335
    - path: data/prepared/train.csv
      hash: md5
      md5: 7487f0004defdc93bea0721804fc45f3
      size: 170416
  train:
    cmd: python scripts/model_scripts/train.py
    deps:
    - path: data/prepared/train.csv
      hash: md5
      md5: 7487f0004defdc93bea0721804fc45f3
      size: 170416
    - path: scripts/model_scripts/train.py
      hash: md5
      md5: 9e70dab63cce070a1fa2e5274cd1451a
      size: 1347
    outs:
    - path: model/model.joblib
      hash: md5
      md5: b035bc80391f8018c5189407ffcb436f
      size: 1859737
  evaluate:
    cmd: python scripts/model_scripts/evaluate.py
    deps:
    - path: model/model.joblib
      hash: md5
      md5: b035bc80391f8018c5189407ffcb436f
      size: 1859737
    - path: scripts/model_scripts/evaluate.py
      hash: md5
      md5: fe790bdd11be3b83ff81879dd2470917
      size: 652
    outs:
    - path: metrics/accuracy.json
      hash: md5
      md5: 218d8a66da57c69908d99a0ca8a1b299
      size: 32
